
Microsoft Visual Studio Solution File, Format Version 12.00
# Visual Studio 15
VisualStudioVersion = 15.0.28307.539
MinimumVisualStudioVersion = 10.0.40219.1
Project("{FAE04EC0-301F-11D3-BF4B-00C04F79EFBC}") = "RailSharp", "RailSharp\RailSharp.csproj", "{4EA6D6D2-5B8D-4675-A29D-44C2E0FFF939}"
EndProject
Global
	GlobalSection(SolutionConfigurationPlatforms) = preSolution
		Debug|Any CPU = Debug|Any CPU
		Release|Any CPU = Release|Any CPU
	EndGlobalSection
	GlobalSection(ProjectConfigurationPlatforms) = postSolution
		{4EA6D6D2-5B8D-4675-A29D-44C2E0FFF939}.Debug|Any CPU.ActiveCfg = Debug|Any CPU
		{4EA6D6D2-5B8D-4675-A29D-44C2E0FFF939}.Debug|Any CPU.Build.0 = Debug|Any CPU
		{4EA6D6D2-5B8D-4675-A29D-44C2E0FFF939}.Release|Any CPU.ActiveCfg = Release|Any CPU
		{4EA6D6D2-5B8D-4675-A29D-44C2E0FFF939}.Release|Any CPU.Build.0 = Release|Any CPU
	EndGlobalSection
	GlobalSection(SolutionProperties) = preSolution
		HideSolutionNode = FALSE
	EndGlobalSection
	GlobalSection(ExtensibilityGlobals) = postSolution
		SolutionGuid = {82833EC5-3D6B-457B-B000-D581ACAE35F0}
	EndGlobalSection
EndGlobal
